
Microsoft Visual Studio Solution File, Format Version 12.00
# Visual Studio Version 16
VisualStudioVersion = 16.0.29920.165
MinimumVisualStudioVersion = 10.0.40219.1
Project("{FAE04EC0-301F-11D3-BF4B-00C04F79EFBC}") = "ControleFinanceiro", "ControleFinanceiro\ControleFinanceiro.csproj", "{8440A0EB-06DD-435F-9785-CB89F4AE68CC}"
EndProject
Project("{FAE04EC0-301F-11D3-BF4B-00C04F79EFBC}") = "ControleFinanceiro.Modelo", "ControleFinanceiro.Modelo\ControleFinanceiro.Modelo.csproj", "{8ABEC6DC-C182-4A88-8318-8D8BC754C473}"
EndProject
Global
	GlobalSection(SolutionConfigurationPlatforms) = preSolution
		Debug|Any CPU = Debug|Any CPU
		Release|Any CPU = Release|Any CPU
	EndGlobalSection
	GlobalSection(ProjectConfigurationPlatforms) = postSolution
		{8440A0EB-06DD-435F-9785-CB89F4AE68CC}.Debug|Any CPU.ActiveCfg = Debug|Any CPU
		{8440A0EB-06DD-435F-9785-CB89F4AE68CC}.Debug|Any CPU.Build.0 = Debug|Any CPU
		{8440A0EB-06DD-435F-9785-CB89F4AE68CC}.Release|Any CPU.ActiveCfg = Release|Any CPU
		{8440A0EB-06DD-435F-9785-CB89F4AE68CC}.Release|Any CPU.Build.0 = Release|Any CPU
		{8ABEC6DC-C182-4A88-8318-8D8BC754C473}.Debug|Any CPU.ActiveCfg = Debug|Any CPU
		{8ABEC6DC-C182-4A88-8318-8D8BC754C473}.Debug|Any CPU.Build.0 = Debug|Any CPU
		{8ABEC6DC-C182-4A88-8318-8D8BC754C473}.Release|Any CPU.ActiveCfg = Release|Any CPU
		{8ABEC6DC-C182-4A88-8318-8D8BC754C473}.Release|Any CPU.Build.0 = Release|Any CPU
	EndGlobalSection
	GlobalSection(SolutionProperties) = preSolution
		HideSolutionNode = FALSE
	EndGlobalSection
	GlobalSection(ExtensibilityGlobals) = postSolution
		SolutionGuid = {B30E1CDA-9770-46FB-B8A3-0F3E960BE6D2}
	EndGlobalSection
EndGlobal
